
Microsoft Visual Studio Solution File, Format Version 12.00
# Visual Studio 2012
Project("{FAE04EC0-301F-11D3-BF4B-00C04F79EFBC}") = "Switch", "Switch\Switch.csproj", "{59BE4F25-9B27-40C1-A93E-349A9ACE8B9F}"
EndProject
Global
	GlobalSection(SolutionConfigurationPlatforms) = preSolution
		Debug|Any CPU = Debug|Any CPU
		Release|Any CPU = Release|Any CPU
	EndGlobalSection
	GlobalSection(ProjectConfigurationPlatforms) = postSolution
		{59BE4F25-9B27-40C1-A93E-349A9ACE8B9F}.Debug|Any CPU.ActiveCfg = Debug|Any CPU
		{59BE4F25-9B27-40C1-A93E-349A9ACE8B9F}.Debug|Any CPU.Build.0 = Debug|Any CPU
		{59BE4F25-9B27-40C1-A93E-349A9ACE8B9F}.Release|Any CPU.ActiveCfg = Release|Any CPU
		{59BE4F25-9B27-40C1-A93E-349A9ACE8B9F}.Release|Any CPU.Build.0 = Release|Any CPU
	EndGlobalSection
	GlobalSection(SolutionProperties) = preSolution
		HideSolutionNode = FALSE
	EndGlobalSection
EndGlobal
