
Microsoft Visual Studio Solution File, Format Version 12.00
# Visual Studio 2012
Project("{FAE04EC0-301F-11D3-BF4B-00C04F79EFBC}") = "Random_Pistol", "Random_Pistol\Random_Pistol.csproj", "{DE0C71FC-91D1-441F-9C83-B21ED21779F6}"
EndProject
Global
	GlobalSection(SolutionConfigurationPlatforms) = preSolution
		Debug|Any CPU = Debug|Any CPU
		Release|Any CPU = Release|Any CPU
	EndGlobalSection
	GlobalSection(ProjectConfigurationPlatforms) = postSolution
		{DE0C71FC-91D1-441F-9C83-B21ED21779F6}.Debug|Any CPU.ActiveCfg = Debug|Any CPU
		{DE0C71FC-91D1-441F-9C83-B21ED21779F6}.Debug|Any CPU.Build.0 = Debug|Any CPU
		{DE0C71FC-91D1-441F-9C83-B21ED21779F6}.Release|Any CPU.ActiveCfg = Release|Any CPU
		{DE0C71FC-91D1-441F-9C83-B21ED21779F6}.Release|Any CPU.Build.0 = Release|Any CPU
	EndGlobalSection
	GlobalSection(SolutionProperties) = preSolution
		HideSolutionNode = FALSE
	EndGlobalSection
EndGlobal
